
Microsoft Visual Studio Solution File, Format Version 12.00
# Visual Studio Version 17
VisualStudioVersion = 17.5.33516.290
MinimumVisualStudioVersion = 10.0.40219.1
Project("{FAE04EC0-301F-11D3-BF4B-00C04F79EFBC}") = "QuanLyNhaSach-Nhom4-N01", "QuanLyNhaSach-Nhom4-N01.csproj", "{AA6E5AA2-88FD-4E20-B5A9-7D305F25F17C}"
EndProject
Project("{FAE04EC0-301F-11D3-BF4B-00C04F79EFBC}") = "WindowsFormsApp2", "..\dangnhap_dangky\WindowsFormsApp2.csproj", "{2AF772D4-B49F-42AD-86C2-4768FFA3A0C5}"
EndProject
Global
	GlobalSection(SolutionConfigurationPlatforms) = preSolution
		Debug|Any CPU = Debug|Any CPU
		Release|Any CPU = Release|Any CPU
	EndGlobalSection
	GlobalSection(ProjectConfigurationPlatforms) = postSolution
		{AA6E5AA2-88FD-4E20-B5A9-7D305F25F17C}.Debug|Any CPU.ActiveCfg = Debug|Any CPU
		{AA6E5AA2-88FD-4E20-B5A9-7D305F25F17C}.Debug|Any CPU.Build.0 = Debug|Any CPU
		{AA6E5AA2-88FD-4E20-B5A9-7D305F25F17C}.Release|Any CPU.ActiveCfg = Release|Any CPU
		{AA6E5AA2-88FD-4E20-B5A9-7D305F25F17C}.Release|Any CPU.Build.0 = Release|Any CPU
		{2AF772D4-B49F-42AD-86C2-4768FFA3A0C5}.Debug|Any CPU.ActiveCfg = Debug|Any CPU
		{2AF772D4-B49F-42AD-86C2-4768FFA3A0C5}.Debug|Any CPU.Build.0 = Debug|Any CPU
		{2AF772D4-B49F-42AD-86C2-4768FFA3A0C5}.Release|Any CPU.ActiveCfg = Release|Any CPU
		{2AF772D4-B49F-42AD-86C2-4768FFA3A0C5}.Release|Any CPU.Build.0 = Release|Any CPU
	EndGlobalSection
	GlobalSection(SolutionProperties) = preSolution
		HideSolutionNode = FALSE
	EndGlobalSection
	GlobalSection(ExtensibilityGlobals) = postSolution
		SolutionGuid = {61C2153A-C8F7-4EA7-A6FB-0C9231B0875D}
	EndGlobalSection
EndGlobal
